
Microsoft Visual Studio Solution File, Format Version 12.00
# Visual Studio Version 17
VisualStudioVersion = 17.11.35222.181
MinimumVisualStudioVersion = 10.0.40219.1
Project("{FAE04EC0-301F-11D3-BF4B-00C04F79EFBC}") = "AuthAPI", "AuthAPI\AuthAPI.csproj", "{47855D69-8041-462F-A961-4B4C6D3544FB}"
EndProject
Project("{FAE04EC0-301F-11D3-BF4B-00C04F79EFBC}") = "WeatherForecast", "WeatherForecast\WeatherForecast.csproj", "{125B70CE-379A-472A-A3EF-0C1DC344F2A7}"
EndProject
Project("{2150E333-8FDC-42A3-9474-1A3956D46DE8}") = "Solution Items", "Solution Items", "{5AB857DB-AACA-4F77-9075-521B37AAEF2C}"
	ProjectSection(SolutionItems) = preProject
		.gitignore = .gitignore
	EndProjectSection
EndProject
Global
	GlobalSection(SolutionConfigurationPlatforms) = preSolution
		Debug|Any CPU = Debug|Any CPU
		Release|Any CPU = Release|Any CPU
	EndGlobalSection
	GlobalSection(ProjectConfigurationPlatforms) = postSolution
		{47855D69-8041-462F-A961-4B4C6D3544FB}.Debug|Any CPU.ActiveCfg = Debug|Any CPU
		{47855D69-8041-462F-A961-4B4C6D3544FB}.Debug|Any CPU.Build.0 = Debug|Any CPU
		{47855D69-8041-462F-A961-4B4C6D3544FB}.Release|Any CPU.ActiveCfg = Release|Any CPU
		{47855D69-8041-462F-A961-4B4C6D3544FB}.Release|Any CPU.Build.0 = Release|Any CPU
		{125B70CE-379A-472A-A3EF-0C1DC344F2A7}.Debug|Any CPU.ActiveCfg = Debug|Any CPU
		{125B70CE-379A-472A-A3EF-0C1DC344F2A7}.Debug|Any CPU.Build.0 = Debug|Any CPU
		{125B70CE-379A-472A-A3EF-0C1DC344F2A7}.Release|Any CPU.ActiveCfg = Release|Any CPU
		{125B70CE-379A-472A-A3EF-0C1DC344F2A7}.Release|Any CPU.Build.0 = Release|Any CPU
	EndGlobalSection
	GlobalSection(SolutionProperties) = preSolution
		HideSolutionNode = FALSE
	EndGlobalSection
	GlobalSection(ExtensibilityGlobals) = postSolution
		SolutionGuid = {1B9BFC7C-4226-4B30-833C-99694BB6DF25}
	EndGlobalSection
EndGlobal
